
Microsoft Visual Studio Solution File, Format Version 12.00
# Visual Studio Version 16
VisualStudioVersion = 16.0.31205.134
MinimumVisualStudioVersion = 10.0.40219.1
Project("{FAE04EC0-301F-11D3-BF4B-00C04F79EFBC}") = "Payment_API", "Payment_API.csproj", "{FFCE8565-FB10-4FCE-9B66-458E37F75FF8}"
EndProject
Global
	GlobalSection(SolutionConfigurationPlatforms) = preSolution
		Debug|Any CPU = Debug|Any CPU
		Release|Any CPU = Release|Any CPU
	EndGlobalSection
	GlobalSection(ProjectConfigurationPlatforms) = postSolution
		{FFCE8565-FB10-4FCE-9B66-458E37F75FF8}.Debug|Any CPU.ActiveCfg = Debug|Any CPU
		{FFCE8565-FB10-4FCE-9B66-458E37F75FF8}.Debug|Any CPU.Build.0 = Debug|Any CPU
		{FFCE8565-FB10-4FCE-9B66-458E37F75FF8}.Release|Any CPU.ActiveCfg = Release|Any CPU
		{FFCE8565-FB10-4FCE-9B66-458E37F75FF8}.Release|Any CPU.Build.0 = Release|Any CPU
	EndGlobalSection
	GlobalSection(SolutionProperties) = preSolution
		HideSolutionNode = FALSE
	EndGlobalSection
	GlobalSection(ExtensibilityGlobals) = postSolution
		SolutionGuid = {906345AC-9A47-46C7-95B4-68EB07543D84}
	EndGlobalSection
EndGlobal
